Microsoft Visual Studio Solution File, Format Version 8.00
Project("{8BC9CEB8-8B4A-11D0-8D11-00A0C91BC942}") = "glewlib", "..\glew\glewlib_2003.vcproj", "{05FFADE4-2B93-C899-00CA-AA717CA7A077}"
EndProject
Project("{8BC9CEB8-8B4A-11D0-8D11-00A0C91BC942}") = "01_vertex_program", "01_vertex_program\01_vertex_program_2003.vcproj", "{613DB1D2-9648-208F-A78A-0B8B758272B0}"
	ProjectSection(ProjectDependencies) = postProject
		{05FFADE4-2B93-C899-00CA-AA717CA7A077} = {05FFADE4-2B93-C899-00CA-AA717CA7A077}
	EndProjectSection
EndProject
Project("{8BC9CEB8-8B4A-11D0-8D11-00A0C91BC942}") = "02_vertex_and_fragment_program", "02_vertex_and_fragment_program\02_vertex_and_fragment_program_2003.vcproj", "{9395AF4F-2DD3-3B21-609C-BD8207FD270A}"
	ProjectSection(ProjectDependencies) = postProject
		{05FFADE4-2B93-C899-00CA-AA717CA7A077} = {05FFADE4-2B93-C899-00CA-AA717CA7A077}
	EndProjectSection
EndProject
Project("{8BC9CEB8-8B4A-11D0-8D11-00A0C91BC942}") = "03_uniform_parameter", "03_uniform_parameter\03_uniform_parameter_2003.vcproj", "{A47B0248-BA70-5557-FC48-7FE2B4C8252A}"
	ProjectSection(ProjectDependencies) = postProject
		{05FFADE4-2B93-C899-00CA-AA717CA7A077} = {05FFADE4-2B93-C899-00CA-AA717CA7A077}
	EndProjectSection
EndProject
Project("{8BC9CEB8-8B4A-11D0-8D11-00A0C91BC942}") = "04_varying_parameter", "04_varying_parameter\04_varying_parameter_2003.vcproj", "{15EAF30F-2B4C-9425-8B4E-4AE70A4D1322}"
	ProjectSection(ProjectDependencies) = postProject
		{05FFADE4-2B93-C899-00CA-AA717CA7A077} = {05FFADE4-2B93-C899-00CA-AA717CA7A077}
	EndProjectSection
EndProject
Project("{8BC9CEB8-8B4A-11D0-8D11-00A0C91BC942}") = "05_texture_sampling", "05_texture_sampling\05_texture_sampling_2003.vcproj", "{E1658399-F663-3FFE-511C-46AA94C62CD8}"
	ProjectSection(ProjectDependencies) = postProject
		{05FFADE4-2B93-C899-00CA-AA717CA7A077} = {05FFADE4-2B93-C899-00CA-AA717CA7A077}
	EndProjectSection
EndProject
Project("{8BC9CEB8-8B4A-11D0-8D11-00A0C91BC942}") = "06_vertex_twisting", "06_vertex_twisting\06_vertex_twisting_2003.vcproj", "{B2645B82-7E8A-F3F2-8D3E-046C9730321F}"
	ProjectSection(ProjectDependencies) = postProject
		{05FFADE4-2B93-C899-00CA-AA717CA7A077} = {05FFADE4-2B93-C899-00CA-AA717CA7A077}
	EndProjectSection
EndProject
Project("{8BC9CEB8-8B4A-11D0-8D11-00A0C91BC942}") = "07_two_texture_accesses", "07_two_texture_accesses\07_two_texture_accesses_2003.vcproj", "{45D8242A-A51D-E372-71ED-A609DCFB9058}"
	ProjectSection(ProjectDependencies) = postProject
		{05FFADE4-2B93-C899-00CA-AA717CA7A077} = {05FFADE4-2B93-C899-00CA-AA717CA7A077}
	EndProjectSection
EndProject
Project("{8BC9CEB8-8B4A-11D0-8D11-00A0C91BC942}") = "08_vertex_transform", "08_vertex_transform\08_vertex_transform_2003.vcproj", "{A1234169-1B0A-1E5F-5220-35CACF8BD18C}"
	ProjectSection(ProjectDependencies) = postProject
		{05FFADE4-2B93-C899-00CA-AA717CA7A077} = {05FFADE4-2B93-C899-00CA-AA717CA7A077}
	EndProjectSection
EndProject
Project("{8BC9CEB8-8B4A-11D0-8D11-00A0C91BC942}") = "09_vertex_lighting", "09_vertex_lighting\09_vertex_lighting_2003.vcproj", "{0A93AD22-343D-40D7-AA8D-8096796CF736}"
	ProjectSection(ProjectDependencies) = postProject
		{05FFADE4-2B93-C899-00CA-AA717CA7A077} = {05FFADE4-2B93-C899-00CA-AA717CA7A077}
	EndProjectSection
EndProject
Project("{8BC9CEB8-8B4A-11D0-8D11-00A0C91BC942}") = "10_fragment_lighting", "10_fragment_lighting\10_fragment_lighting_2003.vcproj", "{699075A7-E7AC-3A6D-C2C8-F4844A830CCE}"
	ProjectSection(ProjectDependencies) = postProject
		{05FFADE4-2B93-C899-00CA-AA717CA7A077} = {05FFADE4-2B93-C899-00CA-AA717CA7A077}
	EndProjectSection
EndProject
Project("{8BC9CEB8-8B4A-11D0-8D11-00A0C91BC942}") = "11_two_lights_with_structs", "11_two_lights_with_structs\11_two_lights_with_structs_2003.vcproj", "{3E1A51BB-89C9-C3B2-8350-59BD2A38723E}"
	ProjectSection(ProjectDependencies) = postProject
		{05FFADE4-2B93-C899-00CA-AA717CA7A077} = {05FFADE4-2B93-C899-00CA-AA717CA7A077}
	EndProjectSection
EndProject
Project("{8BC9CEB8-8B4A-11D0-8D11-00A0C91BC942}") = "12_light_attenuation", "12_light_attenuation\12_light_attenuation_2003.vcproj", "{C4A2DD2D-67C6-5740-555C-E2F3722049E9}"
	ProjectSection(ProjectDependencies) = postProject
		{05FFADE4-2B93-C899-00CA-AA717CA7A077} = {05FFADE4-2B93-C899-00CA-AA717CA7A077}
	EndProjectSection
EndProject
Project("{8BC9CEB8-8B4A-11D0-8D11-00A0C91BC942}") = "13_spotlight", "13_spotlight\13_spotlight_2003.vcproj", "{AFFD3B7B-DD47-642C-2228-5D43BF9D7389}"
	ProjectSection(ProjectDependencies) = postProject
		{05FFADE4-2B93-C899-00CA-AA717CA7A077} = {05FFADE4-2B93-C899-00CA-AA717CA7A077}
	EndProjectSection
EndProject
Project("{8BC9CEB8-8B4A-11D0-8D11-00A0C91BC942}") = "14_bulge", "14_bulge\14_bulge_2003.vcproj", "{707AB158-E9F4-073F-966D-671F5DF95AAE}"
	ProjectSection(ProjectDependencies) = postProject
		{05FFADE4-2B93-C899-00CA-AA717CA7A077} = {05FFADE4-2B93-C899-00CA-AA717CA7A077}
	EndProjectSection
EndProject
Project("{8BC9CEB8-8B4A-11D0-8D11-00A0C91BC942}") = "15_particle_system", "15_particle_system\15_particle_system_2003.vcproj", "{38016021-943F-8E55-BD47-19BF416B59DE}"
	ProjectSection(ProjectDependencies) = postProject
		{05FFADE4-2B93-C899-00CA-AA717CA7A077} = {05FFADE4-2B93-C899-00CA-AA717CA7A077}
	EndProjectSection
EndProject
Project("{8BC9CEB8-8B4A-11D0-8D11-00A0C91BC942}") = "16_keyframe_interpolation", "16_keyframe_interpolation\16_keyframe_interpolation_2003.vcproj", "{90DC2C0A-5461-48CF-6CFB-8ED7F230DC42}"
	ProjectSection(ProjectDependencies) = postProject
		{05FFADE4-2B93-C899-00CA-AA717CA7A077} = {05FFADE4-2B93-C899-00CA-AA717CA7A077}
	EndProjectSection
EndProject
Project("{8BC9CEB8-8B4A-11D0-8D11-00A0C91BC942}") = "18_cube_map_reflection", "18_cube_map_reflection\18_cube_map_reflection_2003.vcproj", "{EE4EE03F-D3A9-56C0-D6DD-C957780FECEF}"
	ProjectSection(ProjectDependencies) = postProject
		{05FFADE4-2B93-C899-00CA-AA717CA7A077} = {05FFADE4-2B93-C899-00CA-AA717CA7A077}
	EndProjectSection
EndProject
Project("{8BC9CEB8-8B4A-11D0-8D11-00A0C91BC942}") = "19_cube_map_refraction", "19_cube_map_refraction\19_cube_map_refraction_2003.vcproj", "{1F22000E-5AF2-B815-6FE2-D909FD066E6C}"
	ProjectSection(ProjectDependencies) = postProject
		{05FFADE4-2B93-C899-00CA-AA717CA7A077} = {05FFADE4-2B93-C899-00CA-AA717CA7A077}
	EndProjectSection
EndProject
Project("{8BC9CEB8-8B4A-11D0-8D11-00A0C91BC942}") = "20_chromatic_dispersion", "20_chromatic_dispersion\20_chromatic_dispersion_2003.vcproj", "{6E6E76C0-5DBB-4135-2E4C-EC3C23382241}"
	ProjectSection(ProjectDependencies) = postProject
		{05FFADE4-2B93-C899-00CA-AA717CA7A077} = {05FFADE4-2B93-C899-00CA-AA717CA7A077}
	EndProjectSection
EndProject
Project("{8BC9CEB8-8B4A-11D0-8D11-00A0C91BC942}") = "21_bump_map_wall", "21_bump_map_wall\21_bump_map_wall_2003.vcproj", "{9FA0B9D7-F309-F971-7007-1FEF0C9F2920}"
	ProjectSection(ProjectDependencies) = postProject
		{05FFADE4-2B93-C899-00CA-AA717CA7A077} = {05FFADE4-2B93-C899-00CA-AA717CA7A077}
	EndProjectSection
EndProject
Project("{8BC9CEB8-8B4A-11D0-8D11-00A0C91BC942}") = "22_specular_bump_map", "22_specular_bump_map\22_specular_bump_map_2003.vcproj", "{A3E3BF82-4A80-839B-877F-2500C2B79853}"
	ProjectSection(ProjectDependencies) = postProject
		{05FFADE4-2B93-C899-00CA-AA717CA7A077} = {05FFADE4-2B93-C899-00CA-AA717CA7A077}
	EndProjectSection
EndProject
Project("{8BC9CEB8-8B4A-11D0-8D11-00A0C91BC942}") = "23_bump_map_floor", "23_bump_map_floor\23_bump_map_floor_2003.vcproj", "{66F5D0F7-F7BE-C194-C3DA-43307855A094}"
	ProjectSection(ProjectDependencies) = postProject
		{05FFADE4-2B93-C899-00CA-AA717CA7A077} = {05FFADE4-2B93-C899-00CA-AA717CA7A077}
	EndProjectSection
EndProject
Project("{8BC9CEB8-8B4A-11D0-8D11-00A0C91BC942}") = "24_bump_map_torus", "24_bump_map_torus\24_bump_map_torus_2003.vcproj", "{66E5D7D0-E7C1-2363-005D-231F91A87848}"
	ProjectSection(ProjectDependencies) = postProject
		{05FFADE4-2B93-C899-00CA-AA717CA7A077} = {05FFADE4-2B93-C899-00CA-AA717CA7A077}
	EndProjectSection
EndProject
Project("{8BC9CEB8-8B4A-11D0-8D11-00A0C91BC942}") = "25_uniform_fog", "25_uniform_fog\25_uniform_fog_2003.vcproj", "{F267D680-628B-B3C5-F692-F5863DCCE3FD}"
	ProjectSection(ProjectDependencies) = postProject
		{05FFADE4-2B93-C899-00CA-AA717CA7A077} = {05FFADE4-2B93-C899-00CA-AA717CA7A077}
	EndProjectSection
EndProject
Project("{8BC9CEB8-8B4A-11D0-8D11-00A0C91BC942}") = "26_toon_shading", "26_toon_shading\26_toon_shading_2003.vcproj", "{5C8BB722-5F7E-D34A-024B-50B49F8C3621}"
	ProjectSection(ProjectDependencies) = postProject
		{05FFADE4-2B93-C899-00CA-AA717CA7A077} = {05FFADE4-2B93-C899-00CA-AA717CA7A077}
	EndProjectSection
EndProject
Project("{8BC9CEB8-8B4A-11D0-8D11-00A0C91BC942}") = "27_projective_texturing", "27_projective_texturing\27_projective_texturing_2003.vcproj", "{6CDEBB57-2F4B-634E-EFF6-CB4C780B4EE5}"
	ProjectSection(ProjectDependencies) = postProject
		{05FFADE4-2B93-C899-00CA-AA717CA7A077} = {05FFADE4-2B93-C899-00CA-AA717CA7A077}
	EndProjectSection
EndProject
Global
	GlobalSection(SolutionConfiguration) = preSolution
		Debug = Debug
		Release = Release
	EndGlobalSection
	GlobalSection(ProjectDependencies) = postSolution
	EndGlobalSection
	GlobalSection(ProjectConfiguration) = postSolution
		{613DB1D2-9648-208F-A78A-0B8B758272B0}.Debug.Build.0 = Debug|Win32
		{613DB1D2-9648-208F-A78A-0B8B758272B0}.Debug.ActiveCfg = Debug|Win32
		{613DB1D2-9648-208F-A78A-0B8B758272B0}.Release.Build.0 = Release|Win32
		{613DB1D2-9648-208F-A78A-0B8B758272B0}.Release.ActiveCfg = Release|Win32
		{9395AF4F-2DD3-3B21-609C-BD8207FD270A}.Debug.Build.0 = Debug|Win32
		{9395AF4F-2DD3-3B21-609C-BD8207FD270A}.Debug.ActiveCfg = Debug|Win32
		{9395AF4F-2DD3-3B21-609C-BD8207FD270A}.Release.Build.0 = Release|Win32
		{9395AF4F-2DD3-3B21-609C-BD8207FD270A}.Release.ActiveCfg = Release|Win32
		{A47B0248-BA70-5557-FC48-7FE2B4C8252A}.Debug.Build.0 = Debug|Win32
		{A47B0248-BA70-5557-FC48-7FE2B4C8252A}.Debug.ActiveCfg = Debug|Win32
		{A47B0248-BA70-5557-FC48-7FE2B4C8252A}.Release.Build.0 = Release|Win32
		{A47B0248-BA70-5557-FC48-7FE2B4C8252A}.Release.ActiveCfg = Release|Win32
		{15EAF30F-2B4C-9425-8B4E-4AE70A4D1322}.Debug.Build.0 = Debug|Win32
		{15EAF30F-2B4C-9425-8B4E-4AE70A4D1322}.Debug.ActiveCfg = Debug|Win32
		{15EAF30F-2B4C-9425-8B4E-4AE70A4D1322}.Release.Build.0 = Release|Win32
		{15EAF30F-2B4C-9425-8B4E-4AE70A4D1322}.Release.ActiveCfg = Release|Win32
		{E1658399-F663-3FFE-511C-46AA94C62CD8}.Debug.Build.0 = Debug|Win32
		{E1658399-F663-3FFE-511C-46AA94C62CD8}.Debug.ActiveCfg = Debug|Win32
		{E1658399-F663-3FFE-511C-46AA94C62CD8}.Release.Build.0 = Release|Win32
		{E1658399-F663-3FFE-511C-46AA94C62CD8}.Release.ActiveCfg = Release|Win32
		{B2645B82-7E8A-F3F2-8D3E-046C9730321F}.Debug.Build.0 = Debug|Win32
		{B2645B82-7E8A-F3F2-8D3E-046C9730321F}.Debug.ActiveCfg = Debug|Win32
		{B2645B82-7E8A-F3F2-8D3E-046C9730321F}.Release.Build.0 = Release|Win32
		{B2645B82-7E8A-F3F2-8D3E-046C9730321F}.Release.ActiveCfg = Release|Win32
		{45D8242A-A51D-E372-71ED-A609DCFB9058}.Debug.Build.0 = Debug|Win32
		{45D8242A-A51D-E372-71ED-A609DCFB9058}.Debug.ActiveCfg = Debug|Win32
		{45D8242A-A51D-E372-71ED-A609DCFB9058}.Release.Build.0 = Release|Win32
		{45D8242A-A51D-E372-71ED-A609DCFB9058}.Release.ActiveCfg = Release|Win32
		{A1234169-1B0A-1E5F-5220-35CACF8BD18C}.Debug.Build.0 = Debug|Win32
		{A1234169-1B0A-1E5F-5220-35CACF8BD18C}.Debug.ActiveCfg = Debug|Win32
		{A1234169-1B0A-1E5F-5220-35CACF8BD18C}.Release.Build.0 = Release|Win32
		{A1234169-1B0A-1E5F-5220-35CACF8BD18C}.Release.ActiveCfg = Release|Win32
		{0A93AD22-343D-40D7-AA8D-8096796CF736}.Debug.Build.0 = Debug|Win32
		{0A93AD22-343D-40D7-AA8D-8096796CF736}.Debug.ActiveCfg = Debug|Win32
		{0A93AD22-343D-40D7-AA8D-8096796CF736}.Release.Build.0 = Release|Win32
		{0A93AD22-343D-40D7-AA8D-8096796CF736}.Release.ActiveCfg = Release|Win32
		{699075A7-E7AC-3A6D-C2C8-F4844A830CCE}.Debug.Build.0 = Debug|Win32
		{699075A7-E7AC-3A6D-C2C8-F4844A830CCE}.Debug.ActiveCfg = Debug|Win32
		{699075A7-E7AC-3A6D-C2C8-F4844A830CCE}.Release.Build.0 = Release|Win32
		{699075A7-E7AC-3A6D-C2C8-F4844A830CCE}.Release.ActiveCfg = Release|Win32
		{3E1A51BB-89C9-C3B2-8350-59BD2A38723E}.Debug.Build.0 = Debug|Win32
		{3E1A51BB-89C9-C3B2-8350-59BD2A38723E}.Debug.ActiveCfg = Debug|Win32
		{3E1A51BB-89C9-C3B2-8350-59BD2A38723E}.Release.Build.0 = Release|Win32
		{3E1A51BB-89C9-C3B2-8350-59BD2A38723E}.Release.ActiveCfg = Release|Win32
		{C4A2DD2D-67C6-5740-555C-E2F3722049E9}.Debug.Build.0 = Debug|Win32
		{C4A2DD2D-67C6-5740-555C-E2F3722049E9}.Debug.ActiveCfg = Debug|Win32
		{C4A2DD2D-67C6-5740-555C-E2F3722049E9}.Release.Build.0 = Release|Win32
		{C4A2DD2D-67C6-5740-555C-E2F3722049E9}.Release.ActiveCfg = Release|Win32
		{AFFD3B7B-DD47-642C-2228-5D43BF9D7389}.Debug.Build.0 = Debug|Win32
		{AFFD3B7B-DD47-642C-2228-5D43BF9D7389}.Debug.ActiveCfg = Debug|Win32
		{AFFD3B7B-DD47-642C-2228-5D43BF9D7389}.Release.Build.0 = Release|Win32
		{AFFD3B7B-DD47-642C-2228-5D43BF9D7389}.Release.ActiveCfg = Release|Win32
		{707AB158-E9F4-073F-966D-671F5DF95AAE}.Debug.Build.0 = Debug|Win32
		{707AB158-E9F4-073F-966D-671F5DF95AAE}.Debug.ActiveCfg = Debug|Win32
		{707AB158-E9F4-073F-966D-671F5DF95AAE}.Release.Build.0 = Release|Win32
		{707AB158-E9F4-073F-966D-671F5DF95AAE}.Release.ActiveCfg = Release|Win32
		{38016021-943F-8E55-BD47-19BF416B59DE}.Debug.Build.0 = Debug|Win32
		{38016021-943F-8E55-BD47-19BF416B59DE}.Debug.ActiveCfg = Debug|Win32
		{38016021-943F-8E55-BD47-19BF416B59DE}.Release.Build.0 = Release|Win32
		{38016021-943F-8E55-BD47-19BF416B59DE}.Release.ActiveCfg = Release|Win32
		{90DC2C0A-5461-48CF-6CFB-8ED7F230DC42}.Debug.Build.0 = Debug|Win32
		{90DC2C0A-5461-48CF-6CFB-8ED7F230DC42}.Debug.ActiveCfg = Debug|Win32
		{90DC2C0A-5461-48CF-6CFB-8ED7F230DC42}.Release.Build.0 = Release|Win32
		{90DC2C0A-5461-48CF-6CFB-8ED7F230DC42}.Release.ActiveCfg = Release|Win32
		{EE4EE03F-D3A9-56C0-D6DD-C957780FECEF}.Debug.Build.0 = Debug|Win32
		{EE4EE03F-D3A9-56C0-D6DD-C957780FECEF}.Debug.ActiveCfg = Debug|Win32
		{EE4EE03F-D3A9-56C0-D6DD-C957780FECEF}.Release.Build.0 = Release|Win32
		{EE4EE03F-D3A9-56C0-D6DD-C957780FECEF}.Release.ActiveCfg = Release|Win32
		{1F22000E-5AF2-B815-6FE2-D909FD066E6C}.Debug.Build.0 = Debug|Win32
		{1F22000E-5AF2-B815-6FE2-D909FD066E6C}.Debug.ActiveCfg = Debug|Win32
		{1F22000E-5AF2-B815-6FE2-D909FD066E6C}.Release.Build.0 = Release|Win32
		{1F22000E-5AF2-B815-6FE2-D909FD066E6C}.Release.ActiveCfg = Release|Win32
		{6E6E76C0-5DBB-4135-2E4C-EC3C23382241}.Debug.Build.0 = Debug|Win32
		{6E6E76C0-5DBB-4135-2E4C-EC3C23382241}.Debug.ActiveCfg = Debug|Win32
		{6E6E76C0-5DBB-4135-2E4C-EC3C23382241}.Release.Build.0 = Release|Win32
		{6E6E76C0-5DBB-4135-2E4C-EC3C23382241}.Release.ActiveCfg = Release|Win32
		{9FA0B9D7-F309-F971-7007-1FEF0C9F2920}.Debug.Build.0 = Debug|Win32
		{9FA0B9D7-F309-F971-7007-1FEF0C9F2920}.Debug.ActiveCfg = Debug|Win32
		{9FA0B9D7-F309-F971-7007-1FEF0C9F2920}.Release.Build.0 = Release|Win32
		{9FA0B9D7-F309-F971-7007-1FEF0C9F2920}.Release.ActiveCfg = Release|Win32
		{A3E3BF82-4A80-839B-877F-2500C2B79853}.Debug.Build.0 = Debug|Win32
		{A3E3BF82-4A80-839B-877F-2500C2B79853}.Debug.ActiveCfg = Debug|Win32
		{A3E3BF82-4A80-839B-877F-2500C2B79853}.Release.Build.0 = Release|Win32
		{A3E3BF82-4A80-839B-877F-2500C2B79853}.Release.ActiveCfg = Release|Win32
		{66F5D0F7-F7BE-C194-C3DA-43307855A094}.Debug.Build.0 = Debug|Win32
		{66F5D0F7-F7BE-C194-C3DA-43307855A094}.Debug.ActiveCfg = Debug|Win32
		{66F5D0F7-F7BE-C194-C3DA-43307855A094}.Release.Build.0 = Release|Win32
		{66F5D0F7-F7BE-C194-C3DA-43307855A094}.Release.ActiveCfg = Release|Win32
		{66E5D7D0-E7C1-2363-005D-231F91A87848}.Debug.Build.0 = Debug|Win32
		{66E5D7D0-E7C1-2363-005D-231F91A87848}.Debug.ActiveCfg = Debug|Win32
		{66E5D7D0-E7C1-2363-005D-231F91A87848}.Release.Build.0 = Release|Win32
		{66E5D7D0-E7C1-2363-005D-231F91A87848}.Release.ActiveCfg = Release|Win32
		{F267D680-628B-B3C5-F692-F5863DCCE3FD}.Debug.Build.0 = Debug|Win32
		{F267D680-628B-B3C5-F692-F5863DCCE3FD}.Debug.ActiveCfg = Debug|Win32
		{F267D680-628B-B3C5-F692-F5863DCCE3FD}.Release.Build.0 = Release|Win32
		{F267D680-628B-B3C5-F692-F5863DCCE3FD}.Release.ActiveCfg = Release|Win32
		{5C8BB722-5F7E-D34A-024B-50B49F8C3621}.Debug.Build.0 = Debug|Win32
		{5C8BB722-5F7E-D34A-024B-50B49F8C3621}.Debug.ActiveCfg = Debug|Win32
		{5C8BB722-5F7E-D34A-024B-50B49F8C3621}.Release.Build.0 = Release|Win32
		{5C8BB722-5F7E-D34A-024B-50B49F8C3621}.Release.ActiveCfg = Release|Win32
		{6CDEBB57-2F4B-634E-EFF6-CB4C780B4EE5}.Debug.Build.0 = Debug|Win32
		{6CDEBB57-2F4B-634E-EFF6-CB4C780B4EE5}.Debug.ActiveCfg = Debug|Win32
		{6CDEBB57-2F4B-634E-EFF6-CB4C780B4EE5}.Release.Build.0 = Release|Win32
		{6CDEBB57-2F4B-634E-EFF6-CB4C780B4EE5}.Release.ActiveCfg = Release|Win32
		{05FFADE4-2B93-C899-00CA-AA717CA7A077}.Debug.Build.0 = Debug|Win32
		{05FFADE4-2B93-C899-00CA-AA717CA7A077}.Debug.ActiveCfg = Debug|Win32
		{05FFADE4-2B93-C899-00CA-AA717CA7A077}.Release.Build.0 = Release|Win32
		{05FFADE4-2B93-C899-00CA-AA717CA7A077}.Release.ActiveCfg = Release|Win32
	EndGlobalSection
	GlobalSection(ExtensibilityGlobals) = postSolution
	EndGlobalSection
	GlobalSection(ExtensibilityAddIns) = postSolution
	EndGlobalSection
EndGlobal
